
Microsoft Visual Studio Solution File, Format Version 12.00
# Visual Studio Version 16
VisualStudioVersion = 16.0.29306.81
MinimumVisualStudioVersion = 10.0.40219.1
Project("{FAE04EC0-301F-11D3-BF4B-00C04F79EFBC}") = "BeatSaber.OpenVR", "BeatSaber.OpenVR\BeatSaber.OpenVR.csproj", "{5CCAFB21-63EF-4221-AB37-03EEC2EF5364}"
EndProject
Global
	GlobalSection(SolutionConfigurationPlatforms) = preSolution
		Debug|Any CPU = Debug|Any CPU
		Release|Any CPU = Release|Any CPU
	EndGlobalSection
	GlobalSection(ProjectConfigurationPlatforms) = postSolution
		{5CCAFB21-63EF-4221-AB37-03EEC2EF5364}.Debug|Any CPU.ActiveCfg = Debug|Any CPU
		{5CCAFB21-63EF-4221-AB37-03EEC2EF5364}.Debug|Any CPU.Build.0 = Debug|Any CPU
		{5CCAFB21-63EF-4221-AB37-03EEC2EF5364}.Release|Any CPU.ActiveCfg = Release|Any CPU
		{5CCAFB21-63EF-4221-AB37-03EEC2EF5364}.Release|Any CPU.Build.0 = Release|Any CPU
	EndGlobalSection
	GlobalSection(SolutionProperties) = preSolution
		HideSolutionNode = FALSE
	EndGlobalSection
	GlobalSection(ExtensibilityGlobals) = postSolution
		SolutionGuid = {BC546DCE-17D1-4B2B-81D6-C2F06895F903}
	EndGlobalSection
EndGlobal
