
Microsoft Visual Studio Solution File, Format Version 12.00
# Visual Studio Version 16
VisualStudioVersion = 16.0.29306.81
MinimumVisualStudioVersion = 10.0.40219.1
Project("{FAE04EC0-301F-11D3-BF4B-00C04F79EFBC}") = "DynamicOpenVR", "DynamicOpenVR\DynamicOpenVR.csproj", "{12B5BA1F-421F-4860-B27D-95A11A54E59D}"
EndProject
Project("{FAE04EC0-301F-11D3-BF4B-00C04F79EFBC}") = "DynamicOpenVR.BeatSaber", "DynamicOpenVR.BeatSaber\DynamicOpenVR.BeatSaber.csproj", "{1A5BE41D-60B4-4185-97C1-78C4A78354B5}"
EndProject
Global
	GlobalSection(SolutionConfigurationPlatforms) = preSolution
		Debug|Any CPU = Debug|Any CPU
		Release|Any CPU = Release|Any CPU
	EndGlobalSection
	GlobalSection(ProjectConfigurationPlatforms) = postSolution
		{12B5BA1F-421F-4860-B27D-95A11A54E59D}.Debug|Any CPU.ActiveCfg = Debug|Any CPU
		{12B5BA1F-421F-4860-B27D-95A11A54E59D}.Debug|Any CPU.Build.0 = Debug|Any CPU
		{12B5BA1F-421F-4860-B27D-95A11A54E59D}.Release|Any CPU.ActiveCfg = Release|Any CPU
		{12B5BA1F-421F-4860-B27D-95A11A54E59D}.Release|Any CPU.Build.0 = Release|Any CPU
		{1A5BE41D-60B4-4185-97C1-78C4A78354B5}.Debug|Any CPU.ActiveCfg = Debug|Any CPU
		{1A5BE41D-60B4-4185-97C1-78C4A78354B5}.Debug|Any CPU.Build.0 = Debug|Any CPU
		{1A5BE41D-60B4-4185-97C1-78C4A78354B5}.Release|Any CPU.ActiveCfg = Release|Any CPU
		{1A5BE41D-60B4-4185-97C1-78C4A78354B5}.Release|Any CPU.Build.0 = Release|Any CPU
	EndGlobalSection
	GlobalSection(SolutionProperties) = preSolution
		HideSolutionNode = FALSE
	EndGlobalSection
	GlobalSection(ExtensibilityGlobals) = postSolution
		SolutionGuid = {BC546DCE-17D1-4B2B-81D6-C2F06895F903}
	EndGlobalSection
EndGlobal
